
Microsoft Visual Studio Solution File, Format Version 12.00
# Visual Studio Version 16
VisualStudioVersion = 16.0.28606.126
MinimumVisualStudioVersion = 10.0.40219.1
Project("{FAE04EC0-301F-11D3-BF4B-00C04F79EFBC}") = "BazorPerfomanceDemo.Server", "BazorPerfomanceDemo.Server\BazorPerfomanceDemo.Server.csproj", "{0DB8174A-963B-4112-A94D-CD32A53B905F}"
EndProject
Project("{FAE04EC0-301F-11D3-BF4B-00C04F79EFBC}") = "BazorPerfomanceDemo.Client", "BazorPerfomanceDemo.Client\BazorPerfomanceDemo.Client.csproj", "{6D792630-7CB4-4E71-B6DD-8A995620C81B}"
EndProject
Project("{FAE04EC0-301F-11D3-BF4B-00C04F79EFBC}") = "BazorPerfomanceDemo.Shared", "BazorPerfomanceDemo.Shared\BazorPerfomanceDemo.Shared.csproj", "{5A5EC48C-C451-4118-B72A-837BADFDA108}"
EndProject
Global
	GlobalSection(SolutionConfigurationPlatforms) = preSolution
		Debug|Any CPU = Debug|Any CPU
		Release|Any CPU = Release|Any CPU
	EndGlobalSection
	GlobalSection(ProjectConfigurationPlatforms) = postSolution
		{0DB8174A-963B-4112-A94D-CD32A53B905F}.Debug|Any CPU.ActiveCfg = Debug|Any CPU
		{0DB8174A-963B-4112-A94D-CD32A53B905F}.Debug|Any CPU.Build.0 = Debug|Any CPU
		{0DB8174A-963B-4112-A94D-CD32A53B905F}.Release|Any CPU.ActiveCfg = Release|Any CPU
		{0DB8174A-963B-4112-A94D-CD32A53B905F}.Release|Any CPU.Build.0 = Release|Any CPU
		{6D792630-7CB4-4E71-B6DD-8A995620C81B}.Debug|Any CPU.ActiveCfg = Debug|Any CPU
		{6D792630-7CB4-4E71-B6DD-8A995620C81B}.Debug|Any CPU.Build.0 = Debug|Any CPU
		{6D792630-7CB4-4E71-B6DD-8A995620C81B}.Release|Any CPU.ActiveCfg = Release|Any CPU
		{6D792630-7CB4-4E71-B6DD-8A995620C81B}.Release|Any CPU.Build.0 = Release|Any CPU
		{5A5EC48C-C451-4118-B72A-837BADFDA108}.Debug|Any CPU.ActiveCfg = Debug|Any CPU
		{5A5EC48C-C451-4118-B72A-837BADFDA108}.Debug|Any CPU.Build.0 = Debug|Any CPU
		{5A5EC48C-C451-4118-B72A-837BADFDA108}.Release|Any CPU.ActiveCfg = Release|Any CPU
		{5A5EC48C-C451-4118-B72A-837BADFDA108}.Release|Any CPU.Build.0 = Release|Any CPU
	EndGlobalSection
	GlobalSection(SolutionProperties) = preSolution
		HideSolutionNode = FALSE
	EndGlobalSection
	GlobalSection(ExtensibilityGlobals) = postSolution
		SolutionGuid = {40DC51F2-1D01-48FD-B02D-01F2757D38BF}
	EndGlobalSection
EndGlobal
